
Microsoft Visual Studio Solution File, Format Version 12.00
# Visual Studio Version 17
VisualStudioVersion = 17.7.34221.43
MinimumVisualStudioVersion = 10.0.40219.1
Project("{2150E333-8FDC-42A3-9474-1A3956D46DE8}") = "CleanAddress.Client", "CleanAddress.Client", "{1E34286E-BF03-4F47-BF16-BA253D5EDA69}"
EndProject
Project("{2150E333-8FDC-42A3-9474-1A3956D46DE8}") = "CleanAddress", "CleanAddress", "{D946A683-1A20-4939-8E1A-0F078494B185}"
EndProject
Project("{FAE04EC0-301F-11D3-BF4B-00C04F79EFBC}") = "CleanAddress.Dadata.Client", "CleanAddress.Dadata.Client\CleanAddress.Dadata.Client.csproj", "{A41D3B90-1B40-4292-874C-D21E4A8F7591}"
EndProject
Project("{FAE04EC0-301F-11D3-BF4B-00C04F79EFBC}") = "CleanAddress", "CleanAddress\CleanAddress.csproj", "{22CB7DAB-1FBB-483E-8411-CA27467CF003}"
EndProject
Global
	GlobalSection(SolutionConfigurationPlatforms) = preSolution
		Debug|Any CPU = Debug|Any CPU
		Release|Any CPU = Release|Any CPU
	EndGlobalSection
	GlobalSection(ProjectConfigurationPlatforms) = postSolution
		{A41D3B90-1B40-4292-874C-D21E4A8F7591}.Debug|Any CPU.ActiveCfg = Debug|Any CPU
		{A41D3B90-1B40-4292-874C-D21E4A8F7591}.Debug|Any CPU.Build.0 = Debug|Any CPU
		{A41D3B90-1B40-4292-874C-D21E4A8F7591}.Release|Any CPU.ActiveCfg = Release|Any CPU
		{A41D3B90-1B40-4292-874C-D21E4A8F7591}.Release|Any CPU.Build.0 = Release|Any CPU
		{22CB7DAB-1FBB-483E-8411-CA27467CF003}.Debug|Any CPU.ActiveCfg = Debug|Any CPU
		{22CB7DAB-1FBB-483E-8411-CA27467CF003}.Debug|Any CPU.Build.0 = Debug|Any CPU
		{22CB7DAB-1FBB-483E-8411-CA27467CF003}.Release|Any CPU.ActiveCfg = Release|Any CPU
		{22CB7DAB-1FBB-483E-8411-CA27467CF003}.Release|Any CPU.Build.0 = Release|Any CPU
	EndGlobalSection
	GlobalSection(SolutionProperties) = preSolution
		HideSolutionNode = FALSE
	EndGlobalSection
	GlobalSection(NestedProjects) = preSolution
		{A41D3B90-1B40-4292-874C-D21E4A8F7591} = {1E34286E-BF03-4F47-BF16-BA253D5EDA69}
		{22CB7DAB-1FBB-483E-8411-CA27467CF003} = {D946A683-1A20-4939-8E1A-0F078494B185}
	EndGlobalSection
	GlobalSection(ExtensibilityGlobals) = postSolution
		SolutionGuid = {684A8171-53E2-4F35-AC05-0EE0E1ECCB77}
	EndGlobalSection
EndGlobal
